// !$*UTF8*$!
{
	archiveVersion = 1;
	classes = {
	};
	objectVersion = 45;
	objects = {

/* Begin PBXBuildFile section */
		1D3623260D0F684500981E51 /* ScaryBugsAppDelegate.m in Sources */ = {isa = PBXBuildFile; fileRef = 1D3623250D0F684500981E51 /* ScaryBugsAppDelegate.m */; };
		1D60589B0D05DD56006BFB54 /* main.m in Sources */ = {isa = PBXBuildFile; fileRef = 29B97316FDCFA39411CA2CEA /* main.m */; };
		1D60589F0D05DD5A006BFB54 /* Foundation.framework in Frameworks */ = {isa = PBXBuildFile; fileRef = 1D30AB110D05D00D00671497 /* Foundation.framework */; };
		1DF5F4E00D08C38300B7A737 /* UIKit.framework in Frameworks */ = {isa = PBXBuildFile; fileRef = 1DF5F4DF0D08C38300B7A737 /* UIKit.framework */; };
		2892E4100DC94CBA00A64D0F /* CoreGraphics.framework in Frameworks */ = {isa = PBXBuildFile; fileRef = 2892E40F0DC94CBA00A64D0F /* CoreGraphics.framework */; };
		28AD73600D9D9599002E5188 /* MainWindow.xib in Resources */ = {isa = PBXBuildFile; fileRef = 28AD735F0D9D9599002E5188 /* MainWindow.xib */; };
		28C286E10D94DF7D0034E888 /* RootViewController.m in Sources */ = {isa = PBXBuildFile; fileRef = 28C286E00D94DF7D0034E888 /* RootViewController.m */; };
		28F335F11007B36200424DE2 /* RootViewController.xib in Resources */ = {isa = PBXBuildFile; fileRef = 28F335F01007B36200424DE2 /* RootViewController.xib */; };
		7C3598F1131EDE3700A040F8 /* Default.png in Resources */ = {isa = PBXBuildFile; fileRef = 7C3598F0131EDE3700A040F8 /* Default.png */; };
		7C3598FE131EDFA000A040F8 /* DSActivityView.m in Sources */ = {isa = PBXBuildFile; fileRef = 7C3598FD131EDFA000A040F8 /* DSActivityView.m */; };
		7C8CEED4131B36F0006E9EB8 /* ScaryBugData.m in Sources */ = {isa = PBXBuildFile; fileRef = 7C8CEED3131B36F0006E9EB8 /* ScaryBugData.m */; };
		7C8CEED7131B3838006E9EB8 /* ScaryBugDoc.m in Sources */ = {isa = PBXBuildFile; fileRef = 7C8CEED6131B3838006E9EB8 /* ScaryBugDoc.m */; };
		7C8CEF0D131B3C7E006E9EB8 /* centipede.jpg in Resources */ = {isa = PBXBuildFile; fileRef = 7C8CEF05131B3C7E006E9EB8 /* centipede.jpg */; };
		7C8CEF0E131B3C7E006E9EB8 /* centipedeThumb.jpg in Resources */ = {isa = PBXBuildFile; fileRef = 7C8CEF06131B3C7E006E9EB8 /* centipedeThumb.jpg */; };
		7C8CEF0F131B3C7E006E9EB8 /* ladybug.jpg in Resources */ = {isa = PBXBuildFile; fileRef = 7C8CEF07131B3C7E006E9EB8 /* ladybug.jpg */; };
		7C8CEF10131B3C7E006E9EB8 /* ladybugThumb.jpg in Resources */ = {isa = PBXBuildFile; fileRef = 7C8CEF08131B3C7E006E9EB8 /* ladybugThumb.jpg */; };
		7C8CEF11131B3C7E006E9EB8 /* potatoBug.jpg in Resources */ = {isa = PBXBuildFile; fileRef = 7C8CEF09131B3C7E006E9EB8 /* potatoBug.jpg */; };
		7C8CEF12131B3C7E006E9EB8 /* potatoBugThumb.jpg in Resources */ = {isa = PBXBuildFile; fileRef = 7C8CEF0A131B3C7E006E9EB8 /* potatoBugThumb.jpg */; };
		7C8CEF13131B3C7E006E9EB8 /* wolfSpider.jpg in Resources */ = {isa = PBXBuildFile; fileRef = 7C8CEF0B131B3C7E006E9EB8 /* wolfSpider.jpg */; };
		7C8CEF14131B3C7E006E9EB8 /* wolfSpiderThumb.jpg in Resources */ = {isa = PBXBuildFile; fileRef = 7C8CEF0C131B3C7E006E9EB8 /* wolfSpiderThumb.jpg */; };
		7C8CEF25131B4273006E9EB8 /* logo1.png in Resources */ = {isa = PBXBuildFile; fileRef = 7C8CEF1D131B4273006E9EB8 /* logo1.png */; };
		7C8CEF26131B4273006E9EB8 /* RateView.m in Sources */ = {isa = PBXBuildFile; fileRef = 7C8CEF1F131B4273006E9EB8 /* RateView.m */; };
		7C8CEF27131B4273006E9EB8 /* shockedface2_empty.png in Resources */ = {isa = PBXBuildFile; fileRef = 7C8CEF20131B4273006E9EB8 /* shockedface2_empty.png */; };
		7C8CEF28131B4273006E9EB8 /* shockedface2_full.png in Resources */ = {isa = PBXBuildFile; fileRef = 7C8CEF21131B4273006E9EB8 /* shockedface2_full.png */; };
		7C8CEF29131B4273006E9EB8 /* shockedface2_half.png in Resources */ = {isa = PBXBuildFile; fileRef = 7C8CEF22131B4273006E9EB8 /* shockedface2_half.png */; };
		7C8CEF2A131B4273006E9EB8 /* UIImageExtras.m in Sources */ = {isa = PBXBuildFile; fileRef = 7C8CEF24131B4273006E9EB8 /* UIImageExtras.m */; };
		7C8CEF30131B42F9006E9EB8 /* EditBugViewController.m in Sources */ = {isa = PBXBuildFile; fileRef = 7C8CEF2E131B42F9006E9EB8 /* EditBugViewController.m */; };
		7C8CEF31131B42F9006E9EB8 /* EditBugViewController.xib in Resources */ = {isa = PBXBuildFile; fileRef = 7C8CEF2F131B42F9006E9EB8 /* EditBugViewController.xib */; };
/* End PBXBuildFile section */

/* Begin PBXFileReference section */
		1D30AB110D05D00D00671497 /* Foundation.framework */ = {isa = PBXFileReference; lastKnownFileType = wrapper.framework; name = Foundation.framework; path = System/Library/Frameworks/Foundation.framework; sourceTree = SDKROOT; };
		1D3623240D0F684500981E51 /* ScaryBugsAppDelegate.h */ = {isa = PBXFileReference; fileEncoding = 4; lastKnownFileType = sourcecode.c.h; path = ScaryBugsAppDelegate.h; sourceTree = "<group>"; };
		1D3623250D0F684500981E51 /* ScaryBugsAppDelegate.m */ = {isa = PBXFileReference; fileEncoding = 4; lastKnownFileType = sourcecode.c.objc; path = ScaryBugsAppDelegate.m; sourceTree = "<group>"; };
		1D6058910D05DD3D006BFB54 /* ScaryBugs.app */ = {isa = PBXFileReference; explicitFileType = wrapper.application; includeInIndex = 0; path = ScaryBugs.app; sourceTree = BUILT_PRODUCTS_DIR; };
		1DF5F4DF0D08C38300B7A737 /* UIKit.framework */ = {isa = PBXFileReference; lastKnownFileType = wrapper.framework; name = UIKit.framework; path = System/Library/Frameworks/UIKit.framework; sourceTree = SDKROOT; };
		2892E40F0DC94CBA00A64D0F /* CoreGraphics.framework */ = {isa = PBXFileReference; lastKnownFileType = wrapper.framework; name = CoreGraphics.framework; path = System/Library/Frameworks/CoreGraphics.framework; sourceTree = SDKROOT; };
		28A0AAE50D9B0CCF005BE974 /* ScaryBugs_Prefix.pch */ = {isa = PBXFileReference; fileEncoding = 4; lastKnownFileType = sourcecode.c.h; path = ScaryBugs_Prefix.pch; sourceTree = "<group>"; };
		28AD735F0D9D9599002E5188 /* MainWindow.xib */ = {isa = PBXFileReference; lastKnownFileType = file.xib; path = MainWindow.xib; sourceTree = "<group>"; };
		28C286DF0D94DF7D0034E888 /* RootViewController.h */ = {isa = PBXFileReference; fileEncoding = 4; lastKnownFileType = sourcecode.c.h; path = RootViewController.h; sourceTree = "<group>"; };
		28C286E00D94DF7D0034E888 /* RootViewController.m */ = {isa = PBXFileReference; fileEncoding = 4; lastKnownFileType = sourcecode.c.objc; path = RootViewController.m; sourceTree = "<group>"; };
		28F335F01007B36200424DE2 /* RootViewController.xib */ = {isa = PBXFileReference; lastKnownFileType = file.xib; path = RootViewController.xib; sourceTree = "<group>"; };
		29B97316FDCFA39411CA2CEA /* main.m */ = {isa = PBXFileReference; fileEncoding = 4; lastKnownFileType = sourcecode.c.objc; path = main.m; sourceTree = "<group>"; };
		7C3598F0131EDE3700A040F8 /* Default.png */ = {isa = PBXFileReference; lastKnownFileType = image.png; path = Default.png; sourceTree = "<group>"; };
		7C3598FC131EDFA000A040F8 /* DSActivityView.h */ = {isa = PBXFileReference; fileEncoding = 4; lastKnownFileType = sourcecode.c.h; path = DSActivityView.h; sourceTree = "<group>"; };
		7C3598FD131EDFA000A040F8 /* DSActivityView.m */ = {isa = PBXFileReference; fileEncoding = 4; lastKnownFileType = sourcecode.c.objc; path = DSActivityView.m; sourceTree = "<group>"; };
		7C8CEED2131B36F0006E9EB8 /* ScaryBugData.h */ = {isa = PBXFileReference; fileEncoding = 4; lastKnownFileType = sourcecode.c.h; path = ScaryBugData.h; sourceTree = "<group>"; };
		7C8CEED3131B36F0006E9EB8 /* ScaryBugData.m */ = {isa = PBXFileReference; fileEncoding = 4; lastKnownFileType = sourcecode.c.objc; path = ScaryBugData.m; sourceTree = "<group>"; };
		7C8CEED5131B3838006E9EB8 /* ScaryBugDoc.h */ = {isa = PBXFileReference; fileEncoding = 4; lastKnownFileType = sourcecode.c.h; path = ScaryBugDoc.h; sourceTree = "<group>"; };
		7C8CEED6131B3838006E9EB8 /* ScaryBugDoc.m */ = {isa = PBXFileReference; fileEncoding = 4; lastKnownFileType = sourcecode.c.objc; path = ScaryBugDoc.m; sourceTree = "<group>"; };
		7C8CEF05131B3C7E006E9EB8 /* centipede.jpg */ = {isa = PBXFileReference; lastKnownFileType = image.jpeg; path = centipede.jpg; sourceTree = "<group>"; };
		7C8CEF06131B3C7E006E9EB8 /* centipedeThumb.jpg */ = {isa = PBXFileReference; lastKnownFileType = image.jpeg; path = centipedeThumb.jpg; sourceTree = "<group>"; };
		7C8CEF07131B3C7E006E9EB8 /* ladybug.jpg */ = {isa = PBXFileReference; lastKnownFileType = image.jpeg; path = ladybug.jpg; sourceTree = "<group>"; };
		7C8CEF08131B3C7E006E9EB8 /* ladybugThumb.jpg */ = {isa = PBXFileReference; lastKnownFileType = image.jpeg; path = ladybugThumb.jpg; sourceTree = "<group>"; };
		7C8CEF09131B3C7E006E9EB8 /* potatoBug.jpg */ = {isa = PBXFileReference; lastKnownFileType = image.jpeg; path = potatoBug.jpg; sourceTree = "<group>"; };
		7C8CEF0A131B3C7E006E9EB8 /* potatoBugThumb.jpg */ = {isa = PBXFileReference; lastKnownFileType = image.jpeg; path = potatoBugThumb.jpg; sourceTree = "<group>"; };
		7C8CEF0B131B3C7E006E9EB8 /* wolfSpider.jpg */ = {isa = PBXFileReference; lastKnownFileType = image.jpeg; path = wolfSpider.jpg; sourceTree = "<group>"; };
		7C8CEF0C131B3C7E006E9EB8 /* wolfSpiderThumb.jpg */ = {isa = PBXFileReference; lastKnownFileType = image.jpeg; path = wolfSpiderThumb.jpg; sourceTree = "<group>"; };
		7C8CEF1D131B4273006E9EB8 /* logo1.png */ = {isa = PBXFileReference; lastKnownFileType = image.png; path = logo1.png; sourceTree = "<group>"; };
		7C8CEF1E131B4273006E9EB8 /* RateView.h */ = {isa = PBXFileReference; fileEncoding = 4; lastKnownFileType = sourcecode.c.h; path = RateView.h; sourceTree = "<group>"; };
		7C8CEF1F131B4273006E9EB8 /* RateView.m */ = {isa = PBXFileReference; fileEncoding = 4; lastKnownFileType = sourcecode.c.objc; path = RateView.m; sourceTree = "<group>"; };
		7C8CEF20131B4273006E9EB8 /* shockedface2_empty.png */ = {isa = PBXFileReference; lastKnownFileType = image.png; path = shockedface2_empty.png; sourceTree = "<group>"; };
		7C8CEF21131B4273006E9EB8 /* shockedface2_full.png */ = {isa = PBXFileReference; lastKnownFileType = image.png; path = shockedface2_full.png; sourceTree = "<group>"; };
		7C8CEF22131B4273006E9EB8 /* shockedface2_half.png */ = {isa = PBXFileReference; lastKnownFileType = image.png; path = shockedface2_half.png; sourceTree = "<group>"; };
		7C8CEF23131B4273006E9EB8 /* UIImageExtras.h */ = {isa = PBXFileReference; fileEncoding = 4; lastKnownFileType = sourcecode.c.h; path = UIImageExtras.h; sourceTree = "<group>"; };
		7C8CEF24131B4273006E9EB8 /* UIImageExtras.m */ = {isa = PBXFileReference; fileEncoding = 4; lastKnownFileType = sourcecode.c.objc; path = UIImageExtras.m; sourceTree = "<group>"; };
		7C8CEF2D131B42F9006E9EB8 /* EditBugViewController.h */ = {isa = PBXFileReference; fileEncoding = 4; lastKnownFileType = sourcecode.c.h; path = EditBugViewController.h; sourceTree = "<group>"; };
		7C8CEF2E131B42F9006E9EB8 /* EditBugViewController.m */ = {isa = PBXFileReference; fileEncoding = 4; lastKnownFileType = sourcecode.c.objc; path = EditBugViewController.m; sourceTree = "<group>"; };
		7C8CEF2F131B42F9006E9EB8 /* EditBugViewController.xib */ = {isa = PBXFileReference; lastKnownFileType = file.xib; path = EditBugViewController.xib; sourceTree = "<group>"; };
		8D1107310486CEB800E47090 /* ScaryBugs-Info.plist */ = {isa = PBXFileReference; fileEncoding = 4; lastKnownFileType = text.plist.xml; path = "ScaryBugs-Info.plist"; plistStructureDefinitionIdentifier = "com.apple.xcode.plist.structure-definition.iphone.info-plist"; sourceTree = "<group>"; };
/* End PBXFileReference section */

/* Begin PBXFrameworksBuildPhase section */
		1D60588F0D05DD3D006BFB54 /* Frameworks */ = {
			isa = PBXFrameworksBuildPhase;
			buildActionMask = 2147483647;
			files = (
				1D60589F0D05DD5A006BFB54 /* Foundation.framework in Frameworks */,
				1DF5F4E00D08C38300B7A737 /* UIKit.framework in Frameworks */,
				2892E4100DC94CBA00A64D0F /* CoreGraphics.framework in Frameworks */,
			);
			runOnlyForDeploymentPostprocessing = 0;
		};
/* End PBXFrameworksBuildPhase section */

/* Begin PBXGroup section */
		080E96DDFE201D6D7F000001 /* Controllers */ = {
			isa = PBXGroup;
			children = (
				28C286DF0D94DF7D0034E888 /* RootViewController.h */,
				28C286E00D94DF7D0034E888 /* RootViewController.m */,
				1D3623240D0F684500981E51 /* ScaryBugsAppDelegate.h */,
				1D3623250D0F684500981E51 /* ScaryBugsAppDelegate.m */,
				7C8CEF2D131B42F9006E9EB8 /* EditBugViewController.h */,
				7C8CEF2E131B42F9006E9EB8 /* EditBugViewController.m */,
				7C8CEF2F131B42F9006E9EB8 /* EditBugViewController.xib */,
			);
			name = Controllers;
			path = Classes;
			sourceTree = "<group>";
		};
		19C28FACFE9D520D11CA2CBB /* Products */ = {
			isa = PBXGroup;
			children = (
				1D6058910D05DD3D006BFB54 /* ScaryBugs.app */,
			);
			name = Products;
			sourceTree = "<group>";
		};
		29B97314FDCFA39411CA2CEA /* CustomTemplate */ = {
			isa = PBXGroup;
			children = (
				7C8CEF2C131B42B8006E9EB8 /* Helpers */,
				7C8CEF2B131B4286006E9EB8 /* Views */,
				7C8CEED1131B36C8006E9EB8 /* Models */,
				080E96DDFE201D6D7F000001 /* Controllers */,
				29B97315FDCFA39411CA2CEA /* Other Sources */,
				29B97317FDCFA39411CA2CEA /* Resources */,
				29B97323FDCFA39411CA2CEA /* Frameworks */,
				19C28FACFE9D520D11CA2CBB /* Products */,
			);
			name = CustomTemplate;
			sourceTree = "<group>";
		};
		29B97315FDCFA39411CA2CEA /* Other Sources */ = {
			isa = PBXGroup;
			children = (
				28A0AAE50D9B0CCF005BE974 /* ScaryBugs_Prefix.pch */,
				29B97316FDCFA39411CA2CEA /* main.m */,
			);
			name = "Other Sources";
			sourceTree = "<group>";
		};
		29B97317FDCFA39411CA2CEA /* Resources */ = {
			isa = PBXGroup;
			children = (
				7C3598F0131EDE3700A040F8 /* Default.png */,
				7C8CEF1D131B4273006E9EB8 /* logo1.png */,
				7C8CEF20131B4273006E9EB8 /* shockedface2_empty.png */,
				7C8CEF21131B4273006E9EB8 /* shockedface2_full.png */,
				7C8CEF22131B4273006E9EB8 /* shockedface2_half.png */,
				7C8CEF05131B3C7E006E9EB8 /* centipede.jpg */,
				7C8CEF06131B3C7E006E9EB8 /* centipedeThumb.jpg */,
				7C8CEF07131B3C7E006E9EB8 /* ladybug.jpg */,
				7C8CEF08131B3C7E006E9EB8 /* ladybugThumb.jpg */,
				7C8CEF09131B3C7E006E9EB8 /* potatoBug.jpg */,
				7C8CEF0A131B3C7E006E9EB8 /* potatoBugThumb.jpg */,
				7C8CEF0B131B3C7E006E9EB8 /* wolfSpider.jpg */,
				7C8CEF0C131B3C7E006E9EB8 /* wolfSpiderThumb.jpg */,
				28F335F01007B36200424DE2 /* RootViewController.xib */,
				28AD735F0D9D9599002E5188 /* MainWindow.xib */,
				8D1107310486CEB800E47090 /* ScaryBugs-Info.plist */,
			);
			name = Resources;
			sourceTree = "<group>";
		};
		29B97323FDCFA39411CA2CEA /* Frameworks */ = {
			isa = PBXGroup;
			children = (
				1DF5F4DF0D08C38300B7A737 /* UIKit.framework */,
				1D30AB110D05D00D00671497 /* Foundation.framework */,
				2892E40F0DC94CBA00A64D0F /* CoreGraphics.framework */,
			);
			name = Frameworks;
			sourceTree = "<group>";
		};
		7C8CEED1131B36C8006E9EB8 /* Models */ = {
			isa = PBXGroup;
			children = (
				7C8CEED2131B36F0006E9EB8 /* ScaryBugData.h */,
				7C8CEED3131B36F0006E9EB8 /* ScaryBugData.m */,
				7C8CEED5131B3838006E9EB8 /* ScaryBugDoc.h */,
				7C8CEED6131B3838006E9EB8 /* ScaryBugDoc.m */,
			);
			name = Models;
			sourceTree = "<group>";
		};
		7C8CEF2B131B4286006E9EB8 /* Views */ = {
			isa = PBXGroup;
			children = (
				7C3598FC131EDFA000A040F8 /* DSActivityView.h */,
				7C3598FD131EDFA000A040F8 /* DSActivityView.m */,
				7C8CEF1E131B4273006E9EB8 /* RateView.h */,
				7C8CEF1F131B4273006E9EB8 /* RateView.m */,
			);
			name = Views;
			sourceTree = "<group>";
		};
		7C8CEF2C131B42B8006E9EB8 /* Helpers */ = {
			isa = PBXGroup;
			children = (
				7C8CEF23131B4273006E9EB8 /* UIImageExtras.h */,
				7C8CEF24131B4273006E9EB8 /* UIImageExtras.m */,
			);
			name = Helpers;
			sourceTree = "<group>";
		};
/* End PBXGroup section */

/* Begin PBXNativeTarget section */
		1D6058900D05DD3D006BFB54 /* ScaryBugs */ = {
			isa = PBXNativeTarget;
			buildConfigurationList = 1D6058960D05DD3E006BFB54 /* Build configuration list for PBXNativeTarget "ScaryBugs" */;
			buildPhases = (
				1D60588D0D05DD3D006BFB54 /* Resources */,
				1D60588E0D05DD3D006BFB54 /* Sources */,
				1D60588F0D05DD3D006BFB54 /* Frameworks */,
			);
			buildRules = (
			);
			dependencies = (
			);
			name = ScaryBugs;
			productName = ScaryBugs;
			productReference = 1D6058910D05DD3D006BFB54 /* ScaryBugs.app */;
			productType = "com.apple.product-type.application";
		};
/* End PBXNativeTarget section */

/* Begin PBXProject section */
		29B97313FDCFA39411CA2CEA /* Project object */ = {
			isa = PBXProject;
			buildConfigurationList = C01FCF4E08A954540054247B /* Build configuration list for PBXProject "ScaryBugs" */;
			compatibilityVersion = "Xcode 3.1";
			developmentRegion = English;
			hasScannedForEncodings = 1;
			knownRegions = (
				English,
				Japanese,
				French,
				German,
				en,
			);
			mainGroup = 29B97314FDCFA39411CA2CEA /* CustomTemplate */;
			projectDirPath = "";
			projectRoot = "";
			targets = (
				1D6058900D05DD3D006BFB54 /* ScaryBugs */,
			);
		};
/* End PBXProject section */

/* Begin PBXResourcesBuildPhase section */
		1D60588D0D05DD3D006BFB54 /* Resources */ = {
			isa = PBXResourcesBuildPhase;
			buildActionMask = 2147483647;
			files = (
				28AD73600D9D9599002E5188 /* MainWindow.xib in Resources */,
				28F335F11007B36200424DE2 /* RootViewController.xib in Resources */,
				7C8CEF0D131B3C7E006E9EB8 /* centipede.jpg in Resources */,
				7C8CEF0E131B3C7E006E9EB8 /* centipedeThumb.jpg in Resources */,
				7C8CEF0F131B3C7E006E9EB8 /* ladybug.jpg in Resources */,
				7C8CEF10131B3C7E006E9EB8 /* ladybugThumb.jpg in Resources */,
				7C8CEF11131B3C7E006E9EB8 /* potatoBug.jpg in Resources */,
				7C8CEF12131B3C7E006E9EB8 /* potatoBugThumb.jpg in Resources */,
				7C8CEF13131B3C7E006E9EB8 /* wolfSpider.jpg in Resources */,
				7C8CEF14131B3C7E006E9EB8 /* wolfSpiderThumb.jpg in Resources */,
				7C8CEF25131B4273006E9EB8 /* logo1.png in Resources */,
				7C8CEF27131B4273006E9EB8 /* shockedface2_empty.png in Resources */,
				7C8CEF28131B4273006E9EB8 /* shockedface2_full.png in Resources */,
				7C8CEF29131B4273006E9EB8 /* shockedface2_half.png in Resources */,
				7C8CEF31131B42F9006E9EB8 /* EditBugViewController.xib in Resources */,
				7C3598F1131EDE3700A040F8 /* Default.png in Resources */,
			);
			runOnlyForDeploymentPostprocessing = 0;
		};
/* End PBXResourcesBuildPhase section */

/* Begin PBXSourcesBuildPhase section */
		1D60588E0D05DD3D006BFB54 /* Sources */ = {
			isa = PBXSourcesBuildPhase;
			buildActionMask = 2147483647;
			files = (
				1D60589B0D05DD56006BFB54 /* main.m in Sources */,
				1D3623260D0F684500981E51 /* ScaryBugsAppDelegate.m in Sources */,
				28C286E10D94DF7D0034E888 /* RootViewController.m in Sources */,
				7C8CEED4131B36F0006E9EB8 /* ScaryBugData.m in Sources */,
				7C8CEED7131B3838006E9EB8 /* ScaryBugDoc.m in Sources */,
				7C8CEF26131B4273006E9EB8 /* RateView.m in Sources */,
				7C8CEF2A131B4273006E9EB8 /* UIImageExtras.m in Sources */,
				7C8CEF30131B42F9006E9EB8 /* EditBugViewController.m in Sources */,
				7C3598FE131EDFA000A040F8 /* DSActivityView.m in Sources */,
			);
			runOnlyForDeploymentPostprocessing = 0;
		};
/* End PBXSourcesBuildPhase section */

/* Begin XCBuildConfiguration section */
		1D6058940D05DD3E006BFB54 /* Debug */ = {
			isa = XCBuildConfiguration;
			buildSettings = {
				ALWAYS_SEARCH_USER_PATHS = NO;
				COPY_PHASE_STRIP = NO;
				GCC_DYNAMIC_NO_PIC = NO;
				GCC_OPTIMIZATION_LEVEL = 0;
				GCC_PRECOMPILE_PREFIX_HEADER = YES;
				GCC_PREFIX_HEADER = ScaryBugs_Prefix.pch;
				INFOPLIST_FILE = "ScaryBugs-Info.plist";
				PRODUCT_NAME = ScaryBugs;
			};
			name = Debug;
		};
		1D6058950D05DD3E006BFB54 /* Release */ = {
			isa = XCBuildConfiguration;
			buildSettings = {
				ALWAYS_SEARCH_USER_PATHS = NO;
				COPY_PHASE_STRIP = YES;
				GCC_PRECOMPILE_PREFIX_HEADER = YES;
				GCC_PREFIX_HEADER = ScaryBugs_Prefix.pch;
				INFOPLIST_FILE = "ScaryBugs-Info.plist";
				PRODUCT_NAME = ScaryBugs;
				VALIDATE_PRODUCT = YES;
			};
			name = Release;
		};
		C01FCF4F08A954540054247B /* Debug */ = {
			isa = XCBuildConfiguration;
			buildSettings = {
				ARCHS = "$(ARCHS_STANDARD_32_BIT)";
				"CODE_SIGN_IDENTITY[sdk=iphoneos*]" = "iPhone Developer";
				GCC_C_LANGUAGE_STANDARD = c99;
				GCC_WARN_ABOUT_RETURN_TYPE = YES;
				GCC_WARN_UNUSED_VARIABLE = YES;
				PREBINDING = NO;
				SDKROOT = iphoneos;
			};
			name = Debug;
		};
		C01FCF5008A954540054247B /* Release */ = {
			isa = XCBuildConfiguration;
			buildSettings = {
				ARCHS = "$(ARCHS_STANDARD_32_BIT)";
				"CODE_SIGN_IDENTITY[sdk=iphoneos*]" = "iPhone Developer";
				GCC_C_LANGUAGE_STANDARD = c99;
				GCC_WARN_ABOUT_RETURN_TYPE = YES;
				GCC_WARN_UNUSED_VARIABLE = YES;
				OTHER_CFLAGS = "-DNS_BLOCK_ASSERTIONS=1";
				PREBINDING = NO;
				SDKROOT = iphoneos;
			};
			name = Release;
		};
/* End XCBuildConfiguration section */

/* Begin XCConfigurationList section */
		1D6058960D05DD3E006BFB54 /* Build configuration list for PBXNativeTarget "ScaryBugs" */ = {
			isa = XCConfigurationList;
			buildConfigurations = (
				1D6058940D05DD3E006BFB54 /* Debug */,
				1D6058950D05DD3E006BFB54 /* Release */,
			);
			defaultConfigurationIsVisible = 0;
			defaultConfigurationName = Release;
		};
		C01FCF4E08A954540054247B /* Build configuration list for PBXProject "ScaryBugs" */ = {
			isa = XCConfigurationList;
			buildConfigurations = (
				C01FCF4F08A954540054247B /* Debug */,
				C01FCF5008A954540054247B /* Release */,
			);
			defaultConfigurationIsVisible = 0;
			defaultConfigurationName = Release;
		};
/* End XCConfigurationList section */
	};
	rootObject = 29B97313FDCFA39411CA2CEA /* Project object */;
}
